// !$*UTF8*$!
{
	archiveVersion = 1;
	classes = {
	};
	objectVersion = 50;
	objects = {

/* Begin PBXBuildFile section */
		895280202145C1C100EEB758 /* AppDelegate.swift in Sources */ = {isa = PBXBuildFile; fileRef = 8952801F2145C1C100EEB758 /* AppDelegate.swift */; };
		895280252145C1C100EEB758 /* Main.storyboard in Resources */ = {isa = PBXBuildFile; fileRef = 895280232145C1C100EEB758 /* Main.storyboard */; };
		895280282145C1C100EEB758 /* avplayer.xcdatamodeld in Sources */ = {isa = PBXBuildFile; fileRef = 895280262145C1C100EEB758 /* avplayer.xcdatamodeld */; };
		8952802A2145C1C200EEB758 /* Assets.xcassets in Resources */ = {isa = PBXBuildFile; fileRef = 895280292145C1C200EEB758 /* Assets.xcassets */; };
		8952802D2145C1C200EEB758 /* LaunchScreen.storyboard in Resources */ = {isa = PBXBuildFile; fileRef = 8952802B2145C1C200EEB758 /* LaunchScreen.storyboard */; };
		895280382145C1C200EEB758 /* avplayerTests.swift in Sources */ = {isa = PBXBuildFile; fileRef = 895280372145C1C200EEB758 /* avplayerTests.swift */; };
		895280432145C1C200EEB758 /* avplayerUITests.swift in Sources */ = {isa = PBXBuildFile; fileRef = 895280422145C1C200EEB758 /* avplayerUITests.swift */; };
		895280512145E56A00EEB758 /* VideosTableViewController.swift in Sources */ = {isa = PBXBuildFile; fileRef = 895280502145E56A00EEB758 /* VideosTableViewController.swift */; };
		895280552145EDCD00EEB758 /* VideoViewController.swift in Sources */ = {isa = PBXBuildFile; fileRef = 895280542145EDCD00EEB758 /* VideoViewController.swift */; };
/* End PBXBuildFile section */

/* Begin PBXContainerItemProxy section */
		895280342145C1C200EEB758 /* PBXContainerItemProxy */ = {
			isa = PBXContainerItemProxy;
			containerPortal = 895280142145C1C100EEB758 /* Project object */;
			proxyType = 1;
			remoteGlobalIDString = 8952801B2145C1C100EEB758;
			remoteInfo = avplayer;
		};
		8952803F2145C1C200EEB758 /* PBXContainerItemProxy */ = {
			isa = PBXContainerItemProxy;
			containerPortal = 895280142145C1C100EEB758 /* Project object */;
			proxyType = 1;
			remoteGlobalIDString = 8952801B2145C1C100EEB758;
			remoteInfo = avplayer;
		};
/* End PBXContainerItemProxy section */

/* Begin PBXFileReference section */
		8952801C2145C1C100EEB758 /* avplayer.app */ = {isa = PBXFileReference; explicitFileType = wrapper.application; includeInIndex = 0; path = avplayer.app; sourceTree = BUILT_PRODUCTS_DIR; };
		8952801F2145C1C100EEB758 /* AppDelegate.swift */ = {isa = PBXFileReference; lastKnownFileType = sourcecode.swift; path = AppDelegate.swift; sourceTree = "<group>"; };
		895280242145C1C100EEB758 /* Base */ = {isa = PBXFileReference; lastKnownFileType = file.storyboard; name = Base; path = Base.lproj/Main.storyboard; sourceTree = "<group>"; };
		895280272145C1C100EEB758 /* avplayer.xcdatamodel */ = {isa = PBXFileReference; lastKnownFileType = wrapper.xcdatamodel; path = avplayer.xcdatamodel; sourceTree = "<group>"; };
		895280292145C1C200EEB758 /* Assets.xcassets */ = {isa = PBXFileReference; lastKnownFileType = folder.assetcatalog; path = Assets.xcassets; sourceTree = "<group>"; };
		8952802C2145C1C200EEB758 /* Base */ = {isa = PBXFileReference; lastKnownFileType = file.storyboard; name = Base; path = Base.lproj/LaunchScreen.storyboard; sourceTree = "<group>"; };
		8952802E2145C1C200EEB758 /* Info.plist */ = {isa = PBXFileReference; lastKnownFileType = text.plist.xml; path = Info.plist; sourceTree = "<group>"; };
		895280332145C1C200EEB758 /* avplayerTests.xctest */ = {isa = PBXFileReference; explicitFileType = wrapper.cfbundle; includeInIndex = 0; path = avplayerTests.xctest; sourceTree = BUILT_PRODUCTS_DIR; };
		895280372145C1C200EEB758 /* avplayerTests.swift */ = {isa = PBXFileReference; lastKnownFileType = sourcecode.swift; path = avplayerTests.swift; sourceTree = "<group>"; };
		895280392145C1C200EEB758 /* Info.plist */ = {isa = PBXFileReference; lastKnownFileType = text.plist.xml; path = Info.plist; sourceTree = "<group>"; };
		8952803E2145C1C200EEB758 /* avplayerUITests.xctest */ = {isa = PBXFileReference; explicitFileType = wrapper.cfbundle; includeInIndex = 0; path = avplayerUITests.xctest; sourceTree = BUILT_PRODUCTS_DIR; };
		895280422145C1C200EEB758 /* avplayerUITests.swift */ = {isa = PBXFileReference; lastKnownFileType = sourcecode.swift; path = avplayerUITests.swift; sourceTree = "<group>"; };
		895280442145C1C200EEB758 /* Info.plist */ = {isa = PBXFileReference; lastKnownFileType = text.plist.xml; path = Info.plist; sourceTree = "<group>"; };
		895280502145E56A00EEB758 /* VideosTableViewController.swift */ = {isa = PBXFileReference; lastKnownFileType = sourcecode.swift; path = VideosTableViewController.swift; sourceTree = "<group>"; };
		895280542145EDCD00EEB758 /* VideoViewController.swift */ = {isa = PBXFileReference; lastKnownFileType = sourcecode.swift; path = VideoViewController.swift; sourceTree = "<group>"; };
/* End PBXFileReference section */

/* Begin PBXFrameworksBuildPhase section */
		895280192145C1C100EEB758 /* Frameworks */ = {
			isa = PBXFrameworksBuildPhase;
			buildActionMask = 2147483647;
			files = (
			);
			runOnlyForDeploymentPostprocessing = 0;
		};
		895280302145C1C200EEB758 /* Frameworks */ = {
			isa = PBXFrameworksBuildPhase;
			buildActionMask = 2147483647;
			files = (
			);
			runOnlyForDeploymentPostprocessing = 0;
		};
		8952803B2145C1C200EEB758 /* Frameworks */ = {
			isa = PBXFrameworksBuildPhase;
			buildActionMask = 2147483647;
			files = (
			);
			runOnlyForDeploymentPostprocessing = 0;
		};
/* End PBXFrameworksBuildPhase section */

/* Begin PBXGroup section */
		895280132145C1C100EEB758 = {
			isa = PBXGroup;
			children = (
				8952801E2145C1C100EEB758 /* avplayer */,
				895280362145C1C200EEB758 /* avplayerTests */,
				895280412145C1C200EEB758 /* avplayerUITests */,
				8952801D2145C1C100EEB758 /* Products */,
			);
			sourceTree = "<group>";
		};
		8952801D2145C1C100EEB758 /* Products */ = {
			isa = PBXGroup;
			children = (
				8952801C2145C1C100EEB758 /* avplayer.app */,
				895280332145C1C200EEB758 /* avplayerTests.xctest */,
				8952803E2145C1C200EEB758 /* avplayerUITests.xctest */,
			);
			name = Products;
			sourceTree = "<group>";
		};
		8952801E2145C1C100EEB758 /* avplayer */ = {
			isa = PBXGroup;
			children = (
				8952801F2145C1C100EEB758 /* AppDelegate.swift */,
				895280232145C1C100EEB758 /* Main.storyboard */,
				895280292145C1C200EEB758 /* Assets.xcassets */,
				8952802B2145C1C200EEB758 /* LaunchScreen.storyboard */,
				8952802E2145C1C200EEB758 /* Info.plist */,
				895280262145C1C100EEB758 /* avplayer.xcdatamodeld */,
				895280502145E56A00EEB758 /* VideosTableViewController.swift */,
				895280542145EDCD00EEB758 /* VideoViewController.swift */,
			);
			path = avplayer;
			sourceTree = "<group>";
		};
		895280362145C1C200EEB758 /* avplayerTests */ = {
			isa = PBXGroup;
			children = (
				895280372145C1C200EEB758 /* avplayerTests.swift */,
				895280392145C1C200EEB758 /* Info.plist */,
			);
			path = avplayerTests;
			sourceTree = "<group>";
		};
		895280412145C1C200EEB758 /* avplayerUITests */ = {
			isa = PBXGroup;
			children = (
				895280422145C1C200EEB758 /* avplayerUITests.swift */,
				895280442145C1C200EEB758 /* Info.plist */,
			);
			path = avplayerUITests;
			sourceTree = "<group>";
		};
/* End PBXGroup section */

/* Begin PBXNativeTarget section */
		8952801B2145C1C100EEB758 /* avplayer */ = {
			isa = PBXNativeTarget;
			buildConfigurationList = 895280472145C1C200EEB758 /* Build configuration list for PBXNativeTarget "avplayer" */;
			buildPhases = (
				895280182145C1C100EEB758 /* Sources */,
				895280192145C1C100EEB758 /* Frameworks */,
				8952801A2145C1C100EEB758 /* Resources */,
			);
			buildRules = (
			);
			dependencies = (
			);
			name = avplayer;
			productName = avplayer;
			productReference = 8952801C2145C1C100EEB758 /* avplayer.app */;
			productType = "com.apple.product-type.application";
		};
		895280322145C1C200EEB758 /* avplayerTests */ = {
			isa = PBXNativeTarget;
			buildConfigurationList = 8952804A2145C1C200EEB758 /* Build configuration list for PBXNativeTarget "avplayerTests" */;
			buildPhases = (
				8952802F2145C1C200EEB758 /* Sources */,
				895280302145C1C200EEB758 /* Frameworks */,
				895280312145C1C200EEB758 /* Resources */,
			);
			buildRules = (
			);
			dependencies = (
				895280352145C1C200EEB758 /* PBXTargetDependency */,
			);
			name = avplayerTests;
			productName = avplayerTests;
			productReference = 895280332145C1C200EEB758 /* avplayerTests.xctest */;
			productType = "com.apple.product-type.bundle.unit-test";
		};
		8952803D2145C1C200EEB758 /* avplayerUITests */ = {
			isa = PBXNativeTarget;
			buildConfigurationList = 8952804D2145C1C200EEB758 /* Build configuration list for PBXNativeTarget "avplayerUITests" */;
			buildPhases = (
				8952803A2145C1C200EEB758 /* Sources */,
				8952803B2145C1C200EEB758 /* Frameworks */,
				8952803C2145C1C200EEB758 /* Resources */,
			);
			buildRules = (
			);
			dependencies = (
				895280402145C1C200EEB758 /* PBXTargetDependency */,
			);
			name = avplayerUITests;
			productName = avplayerUITests;
			productReference = 8952803E2145C1C200EEB758 /* avplayerUITests.xctest */;
			productType = "com.apple.product-type.bundle.ui-testing";
		};
/* End PBXNativeTarget section */

/* Begin PBXProject section */
		895280142145C1C100EEB758 /* Project object */ = {
			isa = PBXProject;
			attributes = {
				LastSwiftUpdateCheck = 0940;
				LastUpgradeCheck = 0940;
				ORGANIZATIONNAME = "Joshu Sonawane";
				TargetAttributes = {
					8952801B2145C1C100EEB758 = {
						CreatedOnToolsVersion = 9.4.1;
					};
					895280322145C1C200EEB758 = {
						CreatedOnToolsVersion = 9.4.1;
						TestTargetID = 8952801B2145C1C100EEB758;
					};
					8952803D2145C1C200EEB758 = {
						CreatedOnToolsVersion = 9.4.1;
						TestTargetID = 8952801B2145C1C100EEB758;
					};
				};
			};
			buildConfigurationList = 895280172145C1C100EEB758 /* Build configuration list for PBXProject "avplayer" */;
			compatibilityVersion = "Xcode 9.3";
			developmentRegion = en;
			hasScannedForEncodings = 0;
			knownRegions = (
				en,
				Base,
			);
			mainGroup = 895280132145C1C100EEB758;
			productRefGroup = 8952801D2145C1C100EEB758 /* Products */;
			projectDirPath = "";
			projectRoot = "";
			targets = (
				8952801B2145C1C100EEB758 /* avplayer */,
				895280322145C1C200EEB758 /* avplayerTests */,
				8952803D2145C1C200EEB758 /* avplayerUITests */,
			);
		};
/* End PBXProject section */

/* Begin PBXResourcesBuildPhase section */
		8952801A2145C1C100EEB758 /* Resources */ = {
			isa = PBXResourcesBuildPhase;
			buildActionMask = 2147483647;
			files = (
				8952802D2145C1C200EEB758 /* LaunchScreen.storyboard in Resources */,
				8952802A2145C1C200EEB758 /* Assets.xcassets in Resources */,
				895280252145C1C100EEB758 /* Main.storyboard in Resources */,
			);
			runOnlyForDeploymentPostprocessing = 0;
		};
		895280312145C1C200EEB758 /* Resources */ = {
			isa = PBXResourcesBuildPhase;
			buildActionMask = 2147483647;
			files = (
			);
			runOnlyForDeploymentPostprocessing = 0;
		};
		8952803C2145C1C200EEB758 /* Resources */ = {
			isa = PBXResourcesBuildPhase;
			buildActionMask = 2147483647;
			files = (
			);
			runOnlyForDeploymentPostprocessing = 0;
		};
/* End PBXResourcesBuildPhase section */

/* Begin PBXSourcesBuildPhase section */
		895280182145C1C100EEB758 /* Sources */ = {
			isa = PBXSourcesBuildPhase;
			buildActionMask = 2147483647;
			files = (
				895280512145E56A00EEB758 /* VideosTableViewController.swift in Sources */,
				895280282145C1C100EEB758 /* avplayer.xcdatamodeld in Sources */,
				895280552145EDCD00EEB758 /* VideoViewController.swift in Sources */,
				895280202145C1C100EEB758 /* AppDelegate.swift in Sources */,
			);
			runOnlyForDeploymentPostprocessing = 0;
		};
		8952802F2145C1C200EEB758 /* Sources */ = {
			isa = PBXSourcesBuildPhase;
			buildActionMask = 2147483647;
			files = (
				895280382145C1C200EEB758 /* avplayerTests.swift in Sources */,
			);
			runOnlyForDeploymentPostprocessing = 0;
		};
		8952803A2145C1C200EEB758 /* Sources */ = {
			isa = PBXSourcesBuildPhase;
			buildActionMask = 2147483647;
			files = (
				895280432145C1C200EEB758 /* avplayerUITests.swift in Sources */,
			);
			runOnlyForDeploymentPostprocessing = 0;
		};
/* End PBXSourcesBuildPhase section */

/* Begin PBXTargetDependency section */
		895280352145C1C200EEB758 /* PBXTargetDependency */ = {
			isa = PBXTargetDependency;
			target = 8952801B2145C1C100EEB758 /* avplayer */;
			targetProxy = 895280342145C1C200EEB758 /* PBXContainerItemProxy */;
		};
		895280402145C1C200EEB758 /* PBXTargetDependency */ = {
			isa = PBXTargetDependency;
			target = 8952801B2145C1C100EEB758 /* avplayer */;
			targetProxy = 8952803F2145C1C200EEB758 /* PBXContainerItemProxy */;
		};
/* End PBXTargetDependency section */

/* Begin PBXVariantGroup section */
		895280232145C1C100EEB758 /* Main.storyboard */ = {
			isa = PBXVariantGroup;
			children = (
				895280242145C1C100EEB758 /* Base */,
			);
			name = Main.storyboard;
			sourceTree = "<group>";
		};
		8952802B2145C1C200EEB758 /* LaunchScreen.storyboard */ = {
			isa = PBXVariantGroup;
			children = (
				8952802C2145C1C200EEB758 /* Base */,
			);
			name = LaunchScreen.storyboard;
			sourceTree = "<group>";
		};
/* End PBXVariantGroup section */

/* Begin XCBuildConfiguration section */
		895280452145C1C200EEB758 /* Debug */ = {
			isa = XCBuildConfiguration;
			buildSettings = {
				ALWAYS_SEARCH_USER_PATHS = NO;
				CLANG_ANALYZER_NONNULL = YES;
				CLANG_ANALYZER_NUMBER_OBJECT_CONVERSION = YES_AGGRESSIVE;
				CLANG_CXX_LANGUAGE_STANDARD = "gnu++14";
				CLANG_CXX_LIBRARY = "libc++";
				CLANG_ENABLE_MODULES = YES;
				CLANG_ENABLE_OBJC_ARC = YES;
				CLANG_ENABLE_OBJC_WEAK = YES;
				CLANG_WARN_BLOCK_CAPTURE_AUTORELEASING = YES;
				CLANG_WARN_BOOL_CONVERSION = YES;
				CLANG_WARN_COMMA = YES;
				CLANG_WARN_CONSTANT_CONVERSION = YES;
				CLANG_WARN_DEPRECATED_OBJC_IMPLEMENTATIONS = YES;
				CLANG_WARN_DIRECT_OBJC_ISA_USAGE = YES_ERROR;
				CLANG_WARN_DOCUMENTATION_COMMENTS = YES;
				CLANG_WARN_EMPTY_BODY = YES;
				CLANG_WARN_ENUM_CONVERSION = YES;
				CLANG_WARN_INFINITE_RECURSION = YES;
				CLANG_WARN_INT_CONVERSION = YES;
				CLANG_WARN_NON_LITERAL_NULL_CONVERSION = YES;
				CLANG_WARN_OBJC_IMPLICIT_RETAIN_SELF = YES;
				CLANG_WARN_OBJC_LITERAL_CONVERSION = YES;
				CLANG_WARN_OBJC_ROOT_CLASS = YES_ERROR;
				CLANG_WARN_RANGE_LOOP_ANALYSIS = YES;
				CLANG_WARN_STRICT_PROTOTYPES = YES;
				CLANG_WARN_SUSPICIOUS_MOVE = YES;
				CLANG_WARN_UNGUARDED_AVAILABILITY = YES_AGGRESSIVE;
				CLANG_WARN_UNREACHABLE_CODE = YES;
				CLANG_WARN__DUPLICATE_METHOD_MATCH = YES;
				CODE_SIGN_IDENTITY = "iPhone Developer";
				COPY_PHASE_STRIP = NO;
				DEBUG_INFORMATION_FORMAT = dwarf;
				ENABLE_STRICT_OBJC_MSGSEND = YES;
				ENABLE_TESTABILITY = YES;
				GCC_C_LANGUAGE_STANDARD = gnu11;
				GCC_DYNAMIC_NO_PIC = NO;
				GCC_NO_COMMON_BLOCKS = YES;
				GCC_OPTIMIZATION_LEVEL = 0;
				GCC_PREPROCESSOR_DEFINITIONS = (
					"DEBUG=1",
					"$(inherited)",
				);
				GCC_WARN_64_TO_32_BIT_CONVERSION = YES;
				GCC_WARN_ABOUT_RETURN_TYPE = YES_ERROR;
				GCC_WARN_UNDECLARED_SELECTOR = YES;
				GCC_WARN_UNINITIALIZED_AUTOS = YES_AGGRESSIVE;
				GCC_WARN_UNUSED_FUNCTION = YES;
				GCC_WARN_UNUSED_VARIABLE = YES;
				IPHONEOS_DEPLOYMENT_TARGET = 11.4;
				MTL_ENABLE_DEBUG_INFO = YES;
				ONLY_ACTIVE_ARCH = YES;
				SDKROOT = iphoneos;
				SWIFT_ACTIVE_COMPILATION_CONDITIONS = DEBUG;
				SWIFT_OPTIMIZATION_LEVEL = "-Onone";
			};
			name = Debug;
		};
		895280462145C1C200EEB758 /* Release */ = {
			isa = XCBuildConfiguration;
			buildSettings = {
				ALWAYS_SEARCH_USER_PATHS = NO;
				CLANG_ANALYZER_NONNULL = YES;
				CLANG_ANALYZER_NUMBER_OBJECT_CONVERSION = YES_AGGRESSIVE;
				CLANG_CXX_LANGUAGE_STANDARD = "gnu++14";
				CLANG_CXX_LIBRARY = "libc++";
				CLANG_ENABLE_MODULES = YES;
				CLANG_ENABLE_OBJC_ARC = YES;
				CLANG_ENABLE_OBJC_WEAK = YES;
				CLANG_WARN_BLOCK_CAPTURE_AUTORELEASING = YES;
				CLANG_WARN_BOOL_CONVERSION = YES;
				CLANG_WARN_COMMA = YES;
				CLANG_WARN_CONSTANT_CONVERSION = YES;
				CLANG_WARN_DEPRECATED_OBJC_IMPLEMENTATIONS = YES;
				CLANG_WARN_DIRECT_OBJC_ISA_USAGE = YES_ERROR;
				CLANG_WARN_DOCUMENTATION_COMMENTS = YES;
				CLANG_WARN_EMPTY_BODY = YES;
				CLANG_WARN_ENUM_CONVERSION = YES;
				CLANG_WARN_INFINITE_RECURSION = YES;
				CLANG_WARN_INT_CONVERSION = YES;
				CLANG_WARN_NON_LITERAL_NULL_CONVERSION = YES;
				CLANG_WARN_OBJC_IMPLICIT_RETAIN_SELF = YES;
				CLANG_WARN_OBJC_LITERAL_CONVERSION = YES;
				CLANG_WARN_OBJC_ROOT_CLASS = YES_ERROR;
				CLANG_WARN_RANGE_LOOP_ANALYSIS = YES;
				CLANG_WARN_STRICT_PROTOTYPES = YES;
				CLANG_WARN_SUSPICIOUS_MOVE = YES;
				CLANG_WARN_UNGUARDED_AVAILABILITY = YES_AGGRESSIVE;
				CLANG_WARN_UNREACHABLE_CODE = YES;
				CLANG_WARN__DUPLICATE_METHOD_MATCH = YES;
				CODE_SIGN_IDENTITY = "iPhone Developer";
				COPY_PHASE_STRIP = NO;
				DEBUG_INFORMATION_FORMAT = "dwarf-with-dsym";
				ENABLE_NS_ASSERTIONS = NO;
				ENABLE_STRICT_OBJC_MSGSEND = YES;
				GCC_C_LANGUAGE_STANDARD = gnu11;
				GCC_NO_COMMON_BLOCKS = YES;
				GCC_WARN_64_TO_32_BIT_CONVERSION = YES;
				GCC_WARN_ABOUT_RETURN_TYPE = YES_ERROR;
				GCC_WARN_UNDECLARED_SELECTOR = YES;
				GCC_WARN_UNINITIALIZED_AUTOS = YES_AGGRESSIVE;
				GCC_WARN_UNUSED_FUNCTION = YES;
				GCC_WARN_UNUSED_VARIABLE = YES;
				IPHONEOS_DEPLOYMENT_TARGET = 11.4;
				MTL_ENABLE_DEBUG_INFO = NO;
				SDKROOT = iphoneos;
				SWIFT_COMPILATION_MODE = wholemodule;
				SWIFT_OPTIMIZATION_LEVEL = "-O";
				VALIDATE_PRODUCT = YES;
			};
			name = Release;
		};
		895280482145C1C200EEB758 /* Debug */ = {
			isa = XCBuildConfiguration;
			buildSettings = {
				ASSETCATALOG_COMPILER_APPICON_NAME = AppIcon;
				CODE_SIGN_STYLE = Automatic;
				DEVELOPMENT_TEAM = CLL8DESWJE;
				INFOPLIST_FILE = avplayer/Info.plist;
				LD_RUNPATH_SEARCH_PATHS = (
					"$(inherited)",
					"@executable_path/Frameworks",
				);
				PRODUCT_BUNDLE_IDENTIFIER = com.test.avplayer;
				PRODUCT_NAME = "$(TARGET_NAME)";
				SWIFT_VERSION = 4.0;
				TARGETED_DEVICE_FAMILY = "1,2";
			};
			name = Debug;
		};
		895280492145C1C200EEB758 /* Release */ = {
			isa = XCBuildConfiguration;
			buildSettings = {
				ASSETCATALOG_COMPILER_APPICON_NAME = AppIcon;
				CODE_SIGN_STYLE = Automatic;
				DEVELOPMENT_TEAM = CLL8DESWJE;
				INFOPLIST_FILE = avplayer/Info.plist;
				LD_RUNPATH_SEARCH_PATHS = (
					"$(inherited)",
					"@executable_path/Frameworks",
				);
				PRODUCT_BUNDLE_IDENTIFIER = com.test.avplayer;
				PRODUCT_NAME = "$(TARGET_NAME)";
				SWIFT_VERSION = 4.0;
				TARGETED_DEVICE_FAMILY = "1,2";
			};
			name = Release;
		};
		8952804B2145C1C200EEB758 /* Debug */ = {
			isa = XCBuildConfiguration;
			buildSettings = {
				ALWAYS_EMBED_SWIFT_STANDARD_LIBRARIES = YES;
				BUNDLE_LOADER = "$(TEST_HOST)";
				CODE_SIGN_STYLE = Automatic;
				DEVELOPMENT_TEAM = CLL8DESWJE;
				INFOPLIST_FILE = avplayerTests/Info.plist;
				LD_RUNPATH_SEARCH_PATHS = (
					"$(inherited)",
					"@executable_path/Frameworks",
					"@loader_path/Frameworks",
				);
				PRODUCT_BUNDLE_IDENTIFIER = com.test.avplayerTests;
				PRODUCT_NAME = "$(TARGET_NAME)";
				SWIFT_VERSION = 4.0;
				TARGETED_DEVICE_FAMILY = "1,2";
				TEST_HOST = "$(BUILT_PRODUCTS_DIR)/avplayer.app/avplayer";
			};
			name = Debug;
		};
		8952804C2145C1C200EEB758 /* Release */ = {
			isa = XCBuildConfiguration;
			buildSettings = {
				ALWAYS_EMBED_SWIFT_STANDARD_LIBRARIES = YES;
				BUNDLE_LOADER = "$(TEST_HOST)";
				CODE_SIGN_STYLE = Automatic;
				DEVELOPMENT_TEAM = CLL8DESWJE;
				INFOPLIST_FILE = avplayerTests/Info.plist;
				LD_RUNPATH_SEARCH_PATHS = (
					"$(inherited)",
					"@executable_path/Frameworks",
					"@loader_path/Frameworks",
				);
				PRODUCT_BUNDLE_IDENTIFIER = com.test.avplayerTests;
				PRODUCT_NAME = "$(TARGET_NAME)";
				SWIFT_VERSION = 4.0;
				TARGETED_DEVICE_FAMILY = "1,2";
				TEST_HOST = "$(BUILT_PRODUCTS_DIR)/avplayer.app/avplayer";
			};
			name = Release;
		};
		8952804E2145C1C200EEB758 /* Debug */ = {
			isa = XCBuildConfiguration;
			buildSettings = {
				ALWAYS_EMBED_SWIFT_STANDARD_LIBRARIES = YES;
				CODE_SIGN_STYLE = Automatic;
				DEVELOPMENT_TEAM = CLL8DESWJE;
				INFOPLIST_FILE = avplayerUITests/Info.plist;
				LD_RUNPATH_SEARCH_PATHS = (
					"$(inherited)",
					"@executable_path/Frameworks",
					"@loader_path/Frameworks",
				);
				PRODUCT_BUNDLE_IDENTIFIER = com.test.avplayerUITests;
				PRODUCT_NAME = "$(TARGET_NAME)";
				SWIFT_VERSION = 4.0;
				TARGETED_DEVICE_FAMILY = "1,2";
				TEST_TARGET_NAME = avplayer;
			};
			name = Debug;
		};
		8952804F2145C1C200EEB758 /* Release */ = {
			isa = XCBuildConfiguration;
			buildSettings = {
				ALWAYS_EMBED_SWIFT_STANDARD_LIBRARIES = YES;
				CODE_SIGN_STYLE = Automatic;
				DEVELOPMENT_TEAM = CLL8DESWJE;
				INFOPLIST_FILE = avplayerUITests/Info.plist;
				LD_RUNPATH_SEARCH_PATHS = (
					"$(inherited)",
					"@executable_path/Frameworks",
					"@loader_path/Frameworks",
				);
				PRODUCT_BUNDLE_IDENTIFIER = com.test.avplayerUITests;
				PRODUCT_NAME = "$(TARGET_NAME)";
				SWIFT_VERSION = 4.0;
				TARGETED_DEVICE_FAMILY = "1,2";
				TEST_TARGET_NAME = avplayer;
			};
			name = Release;
		};
/* End XCBuildConfiguration section */

/* Begin XCConfigurationList section */
		895280172145C1C100EEB758 /* Build configuration list for PBXProject "avplayer" */ = {
			isa = XCConfigurationList;
			buildConfigurations = (
				895280452145C1C200EEB758 /* Debug */,
				895280462145C1C200EEB758 /* Release */,
			);
			defaultConfigurationIsVisible = 0;
			defaultConfigurationName = Release;
		};
		895280472145C1C200EEB758 /* Build configuration list for PBXNativeTarget "avplayer" */ = {
			isa = XCConfigurationList;
			buildConfigurations = (
				895280482145C1C200EEB758 /* Debug */,
				895280492145C1C200EEB758 /* Release */,
			);
			defaultConfigurationIsVisible = 0;
			defaultConfigurationName = Release;
		};
		8952804A2145C1C200EEB758 /* Build configuration list for PBXNativeTarget "avplayerTests" */ = {
			isa = XCConfigurationList;
			buildConfigurations = (
				8952804B2145C1C200EEB758 /* Debug */,
				8952804C2145C1C200EEB758 /* Release */,
			);
			defaultConfigurationIsVisible = 0;
			defaultConfigurationName = Release;
		};
		8952804D2145C1C200EEB758 /* Build configuration list for PBXNativeTarget "avplayerUITests" */ = {
			isa = XCConfigurationList;
			buildConfigurations = (
				8952804E2145C1C200EEB758 /* Debug */,
				8952804F2145C1C200EEB758 /* Release */,
			);
			defaultConfigurationIsVisible = 0;
			defaultConfigurationName = Release;
		};
/* End XCConfigurationList section */

/* Begin XCVersionGroup section */
		895280262145C1C100EEB758 /* avplayer.xcdatamodeld */ = {
			isa = XCVersionGroup;
			children = (
				895280272145C1C100EEB758 /* avplayer.xcdatamodel */,
			);
			currentVersion = 895280272145C1C100EEB758 /* avplayer.xcdatamodel */;
			path = avplayer.xcdatamodeld;
			sourceTree = "<group>";
			versionGroupType = wrapper.xcdatamodel;
		};
/* End XCVersionGroup section */
	};
	rootObject = 895280142145C1C100EEB758 /* Project object */;
}
